
Microsoft Visual Studio Solution File, Format Version 12.00
# Visual Studio Version 16
VisualStudioVersion = 16.0.29102.190
MinimumVisualStudioVersion = 10.0.40219.1
Project("{9A19103F-16F7-4668-BE54-9A1E7A4F7556}") = "ImageClassification.Web", "ImageClassification.Web\ImageClassification.Web.csproj", "{8F5DD61E-CB85-41F8-83A1-A9F85B44F12A}"
EndProject
Project("{9A19103F-16F7-4668-BE54-9A1E7A4F7556}") = "ImageClassification.Score", "ImageClassification\ImageClassification.Score.csproj", "{CF3AE172-472A-4C09-A5B3-AACC57E42C0E}"
EndProject
Global
	GlobalSection(SolutionConfigurationPlatforms) = preSolution
		Debug|Any CPU = Debug|Any CPU
		Release|Any CPU = Release|Any CPU
	EndGlobalSection
	GlobalSection(ProjectConfigurationPlatforms) = postSolution
		{8F5DD61E-CB85-41F8-83A1-A9F85B44F12A}.Debug|Any CPU.ActiveCfg = Debug|Any CPU
		{8F5DD61E-CB85-41F8-83A1-A9F85B44F12A}.Debug|Any CPU.Build.0 = Debug|Any CPU
		{8F5DD61E-CB85-41F8-83A1-A9F85B44F12A}.Release|Any CPU.ActiveCfg = Release|Any CPU
		{8F5DD61E-CB85-41F8-83A1-A9F85B44F12A}.Release|Any CPU.Build.0 = Release|Any CPU
		{CF3AE172-472A-4C09-A5B3-AACC57E42C0E}.Debug|Any CPU.ActiveCfg = Debug|Any CPU
		{CF3AE172-472A-4C09-A5B3-AACC57E42C0E}.Debug|Any CPU.Build.0 = Debug|Any CPU
		{CF3AE172-472A-4C09-A5B3-AACC57E42C0E}.Release|Any CPU.ActiveCfg = Release|Any CPU
		{CF3AE172-472A-4C09-A5B3-AACC57E42C0E}.Release|Any CPU.Build.0 = Release|Any CPU
	EndGlobalSection
	GlobalSection(SolutionProperties) = preSolution
		HideSolutionNode = FALSE
	EndGlobalSection
	GlobalSection(ExtensibilityGlobals) = postSolution
		SolutionGuid = {010C32FD-6DEA-4D0B-9FE6-DAF4704AA1E5}
	EndGlobalSection
EndGlobal
